// !$*UTF8*$!
{
	archiveVersion = 1;
	classes = {
	};
	objectVersion = 51;
	objects = {

/* Begin PBXBuildFile section */
		BB1465222472D33C00609B48 /* PrimaryButton.swift in Sources */ = {isa = PBXBuildFile; fileRef = BB1465212472D33C00609B48 /* PrimaryButton.swift */; };
		BB146524247348A800609B48 /* NavigationLazyView.swift in Sources */ = {isa = PBXBuildFile; fileRef = BB146523247348A800609B48 /* NavigationLazyView.swift */; };
		BB1939DD2449FF9300BA8210 /* AppDelegate.swift in Sources */ = {isa = PBXBuildFile; fileRef = BB1939DC2449FF9300BA8210 /* AppDelegate.swift */; };
		BB1939DF2449FF9300BA8210 /* SceneDelegate.swift in Sources */ = {isa = PBXBuildFile; fileRef = BB1939DE2449FF9300BA8210 /* SceneDelegate.swift */; };
		BB1939E22449FF9300BA8210 /* Fodinha.xcdatamodeld in Sources */ = {isa = PBXBuildFile; fileRef = BB1939E02449FF9300BA8210 /* Fodinha.xcdatamodeld */; };
		BB1939E42449FF9300BA8210 /* AvailableGamesView.swift in Sources */ = {isa = PBXBuildFile; fileRef = BB1939E32449FF9300BA8210 /* AvailableGamesView.swift */; };
		BB1939E62449FF9500BA8210 /* Assets.xcassets in Resources */ = {isa = PBXBuildFile; fileRef = BB1939E52449FF9500BA8210 /* Assets.xcassets */; };
		BB1939E92449FF9500BA8210 /* Preview Assets.xcassets in Resources */ = {isa = PBXBuildFile; fileRef = BB1939E82449FF9500BA8210 /* Preview Assets.xcassets */; };
		BB1939EC2449FF9500BA8210 /* LaunchScreen.storyboard in Resources */ = {isa = PBXBuildFile; fileRef = BB1939EA2449FF9500BA8210 /* LaunchScreen.storyboard */; };
		BB1939F4244E202D00BA8210 /* AvailableGamesViewModel.swift in Sources */ = {isa = PBXBuildFile; fileRef = BB1939F3244E202D00BA8210 /* AvailableGamesViewModel.swift */; };
		BB1939F8244E209C00BA8210 /* Game.swift in Sources */ = {isa = PBXBuildFile; fileRef = BB1939F7244E209C00BA8210 /* Game.swift */; };
		BB22793725EF21D300FFB90B /* NetworkHelper.swift in Sources */ = {isa = PBXBuildFile; fileRef = BB22793625EF21D300FFB90B /* NetworkHelper.swift */; };
		BB22796125EFF7C300FFB90B /* GameListSocket.swift in Sources */ = {isa = PBXBuildFile; fileRef = BB22796025EFF7C300FFB90B /* GameListSocket.swift */; };
		BB38EDA9247DFD2000A02DC4 /* SelectedButton.swift in Sources */ = {isa = PBXBuildFile; fileRef = BB38EDA8247DFD2000A02DC4 /* SelectedButton.swift */; };
		BB58F39A25FFDD1700BFD314 /* fonts in Resources */ = {isa = PBXBuildFile; fileRef = BB58F39925FFDD1700BFD314 /* fonts */; };
		BB58F3E0260000E800BFD314 /* ListSeparatorHelper.swift in Sources */ = {isa = PBXBuildFile; fileRef = BB58F3DF260000E800BFD314 /* ListSeparatorHelper.swift */; };
		BB58F3E32600065600BFD314 /* ButtonStyles.swift in Sources */ = {isa = PBXBuildFile; fileRef = BB58F3E22600065600BFD314 /* ButtonStyles.swift */; };
		BB5AFF3B247090D40024824F /* ActivityIndicator.swift in Sources */ = {isa = PBXBuildFile; fileRef = BB5AFF3A247090D40024824F /* ActivityIndicator.swift */; };
		BB6644222611741D0024C94B /* WinnerModal.swift in Sources */ = {isa = PBXBuildFile; fileRef = BB6644212611741D0024C94B /* WinnerModal.swift */; };
		BB695908260ABFE50005996F /* PlayerView.swift in Sources */ = {isa = PBXBuildFile; fileRef = BB695907260ABFE50005996F /* PlayerView.swift */; };
		BB6A2BC226027DF800EDA439 /* AppleAuthHelper.swift in Sources */ = {isa = PBXBuildFile; fileRef = BB6A2BC126027DF800EDA439 /* AppleAuthHelper.swift */; };
		BB6A2BC726027FCB00EDA439 /* AuthDelegates.swift in Sources */ = {isa = PBXBuildFile; fileRef = BB6A2BC626027FCB00EDA439 /* AuthDelegates.swift */; };
		BB6A2BCA26028C4E00EDA439 /* AppleLoginButton.swift in Sources */ = {isa = PBXBuildFile; fileRef = BB6A2BC926028C4E00EDA439 /* AppleLoginButton.swift */; };
		BB6A2BD32602DE2300EDA439 /* CreateGameView.swift in Sources */ = {isa = PBXBuildFile; fileRef = BB6A2BD22602DE2300EDA439 /* CreateGameView.swift */; };
		BB71C27A2604E98600E72BA4 /* TableMenuItem.swift in Sources */ = {isa = PBXBuildFile; fileRef = BB71C2792604E98600E72BA4 /* TableMenuItem.swift */; };
		BB71C2822605058C00E72BA4 /* Message.swift in Sources */ = {isa = PBXBuildFile; fileRef = BB71C2812605058C00E72BA4 /* Message.swift */; };
		BB7CE48A2601338A00C7F42E /* PopupView.swift in Sources */ = {isa = PBXBuildFile; fileRef = BB7CE4892601338A00C7F42E /* PopupView.swift */; };
		BB7CE48D2601360D00C7F42E /* ResponsePopupView.swift in Sources */ = {isa = PBXBuildFile; fileRef = BB7CE48C2601360D00C7F42E /* ResponsePopupView.swift */; };
		BB82293A246388090076FD20 /* TableGameView.swift in Sources */ = {isa = PBXBuildFile; fileRef = BB822939246388090076FD20 /* TableGameView.swift */; };
		BB8A2A6F25FEB3BA006074E2 /* SocketIOManager.swift in Sources */ = {isa = PBXBuildFile; fileRef = BB8A2A6E25FEB3BA006074E2 /* SocketIOManager.swift */; };
		BB94E0D124534624008DE1F4 /* Extensions.swift in Sources */ = {isa = PBXBuildFile; fileRef = BB94E0D024534624008DE1F4 /* Extensions.swift */; };
		BB94E0D32454B92B008DE1F4 /* Player.swift in Sources */ = {isa = PBXBuildFile; fileRef = BB94E0D22454B92B008DE1F4 /* Player.swift */; };
		BB964DB2247DEBCB00677574 /* TableDesignHelper.swift in Sources */ = {isa = PBXBuildFile; fileRef = BB964DB1247DEBCB00677574 /* TableDesignHelper.swift */; };
		BB9BD58325FFCBD9001D7F7A /* ResizeButtonStyle.swift in Sources */ = {isa = PBXBuildFile; fileRef = BB9BD58225FFCBD9001D7F7A /* ResizeButtonStyle.swift */; };
		BB9E4A082608FF9E00D49A8A /* TableView.swift in Sources */ = {isa = PBXBuildFile; fileRef = BB9E4A072608FF9E00D49A8A /* TableView.swift */; };
		BB9E4A0B2609079B00D49A8A /* HomeIndicatorHelper.swift in Sources */ = {isa = PBXBuildFile; fileRef = BB9E4A0A2609079B00D49A8A /* HomeIndicatorHelper.swift */; };
		BB9E4A0E2609180800D49A8A /* HandCards.swift in Sources */ = {isa = PBXBuildFile; fileRef = BB9E4A0D2609180800D49A8A /* HandCards.swift */; };
		BBA160922465CA4700395E18 /* TableGameViewModel.swift in Sources */ = {isa = PBXBuildFile; fileRef = BBA160912465CA4700395E18 /* TableGameViewModel.swift */; };
		BBA160942465D15900395E18 /* Card.swift in Sources */ = {isa = PBXBuildFile; fileRef = BBA160932465D15900395E18 /* Card.swift */; };
		BBA24F5A2464E2E800AF3001 /* PlayerItem.swift in Sources */ = {isa = PBXBuildFile; fileRef = BBA24F592464E2E800AF3001 /* PlayerItem.swift */; };
		BBA24F5C2465A74400AF3001 /* CardItem.swift in Sources */ = {isa = PBXBuildFile; fileRef = BBA24F5B2465A74400AF3001 /* CardItem.swift */; };
		BBAAF3F42611243E008AE739 /* ModalView.swift in Sources */ = {isa = PBXBuildFile; fileRef = BBAAF3F32611243D008AE739 /* ModalView.swift */; };
		BBAAF3F826113F23008AE739 /* ConfirmModal.swift in Sources */ = {isa = PBXBuildFile; fileRef = BBAAF3F726113F23008AE739 /* ConfirmModal.swift */; };
		BBCBC7962600E497000324B6 /* InputStyles.swift in Sources */ = {isa = PBXBuildFile; fileRef = BBCBC7952600E497000324B6 /* InputStyles.swift */; };
		BBCE40232607A9D90056C4D3 /* ChatTextField.swift in Sources */ = {isa = PBXBuildFile; fileRef = BBCE40222607A9D90056C4D3 /* ChatTextField.swift */; };
		BBCE4026260805AC0056C4D3 /* StandingsView.swift in Sources */ = {isa = PBXBuildFile; fileRef = BBCE4025260805AC0056C4D3 /* StandingsView.swift */; };
		BBCE4029260831A00056C4D3 /* SelfPlayerView.swift in Sources */ = {isa = PBXBuildFile; fileRef = BBCE4028260831A00056C4D3 /* SelfPlayerView.swift */; };
		BBCE402C260841A00056C4D3 /* RoundedCorners.swift in Sources */ = {isa = PBXBuildFile; fileRef = BBCE402B260841A00056C4D3 /* RoundedCorners.swift */; };
		BBD79F35247ECE1400B43E29 /* Choice.swift in Sources */ = {isa = PBXBuildFile; fileRef = BBD79F34247ECE1400B43E29 /* Choice.swift */; };
		BBD79F39247F36E200B43E29 /* HunchCheckButton.swift in Sources */ = {isa = PBXBuildFile; fileRef = BBD79F38247F36E100B43E29 /* HunchCheckButton.swift */; };
		BBDBE755247595990076458A /* GoogleService-Info.plist in Resources */ = {isa = PBXBuildFile; fileRef = BBDBE74F247593450076458A /* GoogleService-Info.plist */; };
		BBE6555526050A3600A0082F /* ChatMessageView.swift in Sources */ = {isa = PBXBuildFile; fileRef = BBE6555426050A3600A0082F /* ChatMessageView.swift */; };
		BBE655582605119F00A0082F /* ChatViewModel.swift in Sources */ = {isa = PBXBuildFile; fileRef = BBE655572605119F00A0082F /* ChatViewModel.swift */; };
		BBE6555B2605207B00A0082F /* KeyboardHelper.swift in Sources */ = {isa = PBXBuildFile; fileRef = BBE6555A2605207B00A0082F /* KeyboardHelper.swift */; };
		BBF0A93F246DFD6D00C682F8 /* HunchView.swift in Sources */ = {isa = PBXBuildFile; fileRef = BBF0A93E246DFD6D00C682F8 /* HunchView.swift */; };
		BBF0A941246E161A00C682F8 /* PlayerHunchView.swift in Sources */ = {isa = PBXBuildFile; fileRef = BBF0A940246E161A00C682F8 /* PlayerHunchView.swift */; };
		BBF0A943246E1AAC00C682F8 /* LoginView.swift in Sources */ = {isa = PBXBuildFile; fileRef = BBF0A942246E1AAB00C682F8 /* LoginView.swift */; };
		BBF0A947246E217300C682F8 /* LoginViewModel.swift in Sources */ = {isa = PBXBuildFile; fileRef = BBF0A946246E217300C682F8 /* LoginViewModel.swift */; };
		E4301F6ED0EA82F170D16139 /* Pods_Truquero.framework in Frameworks */ = {isa = PBXBuildFile; fileRef = AB7DB17A899930F32CE2D735 /* Pods_Truquero.framework */; };
/* End PBXBuildFile section */

/* Begin PBXFileReference section */
		8D6D3A5D17C667562AC21DFB /* Pods-Truquero.release.xcconfig */ = {isa = PBXFileReference; includeInIndex = 1; lastKnownFileType = text.xcconfig; name = "Pods-Truquero.release.xcconfig"; path = "Target Support Files/Pods-Truquero/Pods-Truquero.release.xcconfig"; sourceTree = "<group>"; };
		9BF75DCC293B326FD014CBFB /* Pods-Truquero.debug.xcconfig */ = {isa = PBXFileReference; includeInIndex = 1; lastKnownFileType = text.xcconfig; name = "Pods-Truquero.debug.xcconfig"; path = "Target Support Files/Pods-Truquero/Pods-Truquero.debug.xcconfig"; sourceTree = "<group>"; };
		AB7DB17A899930F32CE2D735 /* Pods_Truquero.framework */ = {isa = PBXFileReference; explicitFileType = wrapper.framework; includeInIndex = 0; path = Pods_Truquero.framework; sourceTree = BUILT_PRODUCTS_DIR; };
		ACC16F05FDB47BFCB6661438 /* Pods-Fodinha.debug.xcconfig */ = {isa = PBXFileReference; includeInIndex = 1; lastKnownFileType = text.xcconfig; name = "Pods-Fodinha.debug.xcconfig"; path = "Target Support Files/Pods-Fodinha/Pods-Fodinha.debug.xcconfig"; sourceTree = "<group>"; };
		BB1465212472D33C00609B48 /* PrimaryButton.swift */ = {isa = PBXFileReference; lastKnownFileType = sourcecode.swift; path = PrimaryButton.swift; sourceTree = "<group>"; };
		BB146523247348A800609B48 /* NavigationLazyView.swift */ = {isa = PBXFileReference; lastKnownFileType = sourcecode.swift; path = NavigationLazyView.swift; sourceTree = "<group>"; };
		BB1939D92449FF9300BA8210 /* Truquero.app */ = {isa = PBXFileReference; explicitFileType = wrapper.application; includeInIndex = 0; path = Truquero.app; sourceTree = BUILT_PRODUCTS_DIR; };
		BB1939DC2449FF9300BA8210 /* AppDelegate.swift */ = {isa = PBXFileReference; lastKnownFileType = sourcecode.swift; path = AppDelegate.swift; sourceTree = "<group>"; };
		BB1939DE2449FF9300BA8210 /* SceneDelegate.swift */ = {isa = PBXFileReference; lastKnownFileType = sourcecode.swift; path = SceneDelegate.swift; sourceTree = "<group>"; };
		BB1939E12449FF9300BA8210 /* Fodinha.xcdatamodel */ = {isa = PBXFileReference; lastKnownFileType = wrapper.xcdatamodel; path = Fodinha.xcdatamodel; sourceTree = "<group>"; };
		BB1939E32449FF9300BA8210 /* AvailableGamesView.swift */ = {isa = PBXFileReference; lastKnownFileType = sourcecode.swift; path = AvailableGamesView.swift; sourceTree = "<group>"; };
		BB1939E52449FF9500BA8210 /* Assets.xcassets */ = {isa = PBXFileReference; lastKnownFileType = folder.assetcatalog; path = Assets.xcassets; sourceTree = "<group>"; };
		BB1939E82449FF9500BA8210 /* Preview Assets.xcassets */ = {isa = PBXFileReference; lastKnownFileType = folder.assetcatalog; path = "Preview Assets.xcassets"; sourceTree = "<group>"; };
		BB1939EB2449FF9500BA8210 /* Base */ = {isa = PBXFileReference; lastKnownFileType = file.storyboard; name = Base; path = Base.lproj/LaunchScreen.storyboard; sourceTree = "<group>"; };
		BB1939ED2449FF9500BA8210 /* Info.plist */ = {isa = PBXFileReference; lastKnownFileType = text.plist.xml; path = Info.plist; sourceTree = "<group>"; };
		BB1939F3244E202D00BA8210 /* AvailableGamesViewModel.swift */ = {isa = PBXFileReference; lastKnownFileType = sourcecode.swift; path = AvailableGamesViewModel.swift; sourceTree = "<group>"; };
		BB1939F7244E209C00BA8210 /* Game.swift */ = {isa = PBXFileReference; lastKnownFileType = sourcecode.swift; path = Game.swift; sourceTree = "<group>"; };
		BB22793625EF21D300FFB90B /* NetworkHelper.swift */ = {isa = PBXFileReference; lastKnownFileType = sourcecode.swift; path = NetworkHelper.swift; sourceTree = "<group>"; };
		BB22796025EFF7C300FFB90B /* GameListSocket.swift */ = {isa = PBXFileReference; lastKnownFileType = sourcecode.swift; path = GameListSocket.swift; sourceTree = "<group>"; };
		BB38EDA8247DFD2000A02DC4 /* SelectedButton.swift */ = {isa = PBXFileReference; lastKnownFileType = sourcecode.swift; path = SelectedButton.swift; sourceTree = "<group>"; };
		BB58F39925FFDD1700BFD314 /* fonts */ = {isa = PBXFileReference; fileEncoding = 4; lastKnownFileType = text; name = fonts; path = Fodinha/fonts; sourceTree = SOURCE_ROOT; };
		BB58F3DF260000E800BFD314 /* ListSeparatorHelper.swift */ = {isa = PBXFileReference; lastKnownFileType = sourcecode.swift; path = ListSeparatorHelper.swift; sourceTree = "<group>"; };
		BB58F3E22600065600BFD314 /* ButtonStyles.swift */ = {isa = PBXFileReference; lastKnownFileType = sourcecode.swift; path = ButtonStyles.swift; sourceTree = "<group>"; };
		BB5AFF3A247090D40024824F /* ActivityIndicator.swift */ = {isa = PBXFileReference; lastKnownFileType = sourcecode.swift; path = ActivityIndicator.swift; sourceTree = "<group>"; };
		BB6644212611741D0024C94B /* WinnerModal.swift */ = {isa = PBXFileReference; lastKnownFileType = sourcecode.swift; path = WinnerModal.swift; sourceTree = "<group>"; };
		BB695907260ABFE50005996F /* PlayerView.swift */ = {isa = PBXFileReference; lastKnownFileType = sourcecode.swift; path = PlayerView.swift; sourceTree = "<group>"; };
		BB6A2BC126027DF800EDA439 /* AppleAuthHelper.swift */ = {isa = PBXFileReference; lastKnownFileType = sourcecode.swift; path = AppleAuthHelper.swift; sourceTree = "<group>"; };
		BB6A2BC426027F3800EDA439 /* Truquero.entitlements */ = {isa = PBXFileReference; lastKnownFileType = text.plist.entitlements; path = Truquero.entitlements; sourceTree = "<group>"; };
		BB6A2BC626027FCB00EDA439 /* AuthDelegates.swift */ = {isa = PBXFileReference; lastKnownFileType = sourcecode.swift; path = AuthDelegates.swift; sourceTree = "<group>"; };
		BB6A2BC926028C4E00EDA439 /* AppleLoginButton.swift */ = {isa = PBXFileReference; lastKnownFileType = sourcecode.swift; path = AppleLoginButton.swift; sourceTree = "<group>"; };
		BB6A2BCE2602A1AC00EDA439 /* pt-BR */ = {isa = PBXFileReference; lastKnownFileType = text.plist.strings; name = "pt-BR"; path = "pt-BR.lproj/LaunchScreen.strings"; sourceTree = "<group>"; };
		BB6A2BD22602DE2300EDA439 /* CreateGameView.swift */ = {isa = PBXFileReference; lastKnownFileType = sourcecode.swift; path = CreateGameView.swift; sourceTree = "<group>"; };
		BB71C2792604E98600E72BA4 /* TableMenuItem.swift */ = {isa = PBXFileReference; lastKnownFileType = sourcecode.swift; path = TableMenuItem.swift; sourceTree = "<group>"; };
		BB71C2812605058C00E72BA4 /* Message.swift */ = {isa = PBXFileReference; lastKnownFileType = sourcecode.swift; path = Message.swift; sourceTree = "<group>"; };
		BB7CE4892601338A00C7F42E /* PopupView.swift */ = {isa = PBXFileReference; lastKnownFileType = sourcecode.swift; path = PopupView.swift; sourceTree = "<group>"; };
		BB7CE48C2601360D00C7F42E /* ResponsePopupView.swift */ = {isa = PBXFileReference; lastKnownFileType = sourcecode.swift; path = ResponsePopupView.swift; sourceTree = "<group>"; };
		BB822939246388090076FD20 /* TableGameView.swift */ = {isa = PBXFileReference; lastKnownFileType = sourcecode.swift; path = TableGameView.swift; sourceTree = "<group>"; };
		BB8A2A6E25FEB3BA006074E2 /* SocketIOManager.swift */ = {isa = PBXFileReference; lastKnownFileType = sourcecode.swift; path = SocketIOManager.swift; sourceTree = "<group>"; };
		BB94E0D024534624008DE1F4 /* Extensions.swift */ = {isa = PBXFileReference; lastKnownFileType = sourcecode.swift; path = Extensions.swift; sourceTree = "<group>"; };
		BB94E0D22454B92B008DE1F4 /* Player.swift */ = {isa = PBXFileReference; lastKnownFileType = sourcecode.swift; path = Player.swift; sourceTree = "<group>"; };
		BB964DB1247DEBCB00677574 /* TableDesignHelper.swift */ = {isa = PBXFileReference; lastKnownFileType = sourcecode.swift; path = TableDesignHelper.swift; sourceTree = "<group>"; };
		BB9BD58225FFCBD9001D7F7A /* ResizeButtonStyle.swift */ = {isa = PBXFileReference; lastKnownFileType = sourcecode.swift; path = ResizeButtonStyle.swift; sourceTree = "<group>"; };
		BB9E4A072608FF9E00D49A8A /* TableView.swift */ = {isa = PBXFileReference; lastKnownFileType = sourcecode.swift; path = TableView.swift; sourceTree = "<group>"; };
		BB9E4A0A2609079B00D49A8A /* HomeIndicatorHelper.swift */ = {isa = PBXFileReference; lastKnownFileType = sourcecode.swift; path = HomeIndicatorHelper.swift; sourceTree = "<group>"; };
		BB9E4A0D2609180800D49A8A /* HandCards.swift */ = {isa = PBXFileReference; lastKnownFileType = sourcecode.swift; path = HandCards.swift; sourceTree = "<group>"; };
		BBA160912465CA4700395E18 /* TableGameViewModel.swift */ = {isa = PBXFileReference; lastKnownFileType = sourcecode.swift; path = TableGameViewModel.swift; sourceTree = "<group>"; };
		BBA160932465D15900395E18 /* Card.swift */ = {isa = PBXFileReference; lastKnownFileType = sourcecode.swift; path = Card.swift; sourceTree = "<group>"; };
		BBA24F592464E2E800AF3001 /* PlayerItem.swift */ = {isa = PBXFileReference; lastKnownFileType = sourcecode.swift; path = PlayerItem.swift; sourceTree = "<group>"; };
		BBA24F5B2465A74400AF3001 /* CardItem.swift */ = {isa = PBXFileReference; lastKnownFileType = sourcecode.swift; path = CardItem.swift; sourceTree = "<group>"; };
		BBAAF3F32611243D008AE739 /* ModalView.swift */ = {isa = PBXFileReference; lastKnownFileType = sourcecode.swift; path = ModalView.swift; sourceTree = "<group>"; };
		BBAAF3F726113F23008AE739 /* ConfirmModal.swift */ = {isa = PBXFileReference; lastKnownFileType = sourcecode.swift; path = ConfirmModal.swift; sourceTree = "<group>"; };
		BBCBC7952600E497000324B6 /* InputStyles.swift */ = {isa = PBXFileReference; lastKnownFileType = sourcecode.swift; path = InputStyles.swift; sourceTree = "<group>"; };
		BBCE40222607A9D90056C4D3 /* ChatTextField.swift */ = {isa = PBXFileReference; lastKnownFileType = sourcecode.swift; path = ChatTextField.swift; sourceTree = "<group>"; };
		BBCE4025260805AC0056C4D3 /* StandingsView.swift */ = {isa = PBXFileReference; lastKnownFileType = sourcecode.swift; path = StandingsView.swift; sourceTree = "<group>"; };
		BBCE4028260831A00056C4D3 /* SelfPlayerView.swift */ = {isa = PBXFileReference; lastKnownFileType = sourcecode.swift; path = SelfPlayerView.swift; sourceTree = "<group>"; };
		BBCE402B260841A00056C4D3 /* RoundedCorners.swift */ = {isa = PBXFileReference; lastKnownFileType = sourcecode.swift; path = RoundedCorners.swift; sourceTree = "<group>"; };
		BBD79F34247ECE1400B43E29 /* Choice.swift */ = {isa = PBXFileReference; lastKnownFileType = sourcecode.swift; path = Choice.swift; sourceTree = "<group>"; };
		BBD79F38247F36E100B43E29 /* HunchCheckButton.swift */ = {isa = PBXFileReference; lastKnownFileType = sourcecode.swift; path = HunchCheckButton.swift; sourceTree = "<group>"; };
		BBDBE74F247593450076458A /* GoogleService-Info.plist */ = {isa = PBXFileReference; lastKnownFileType = text.plist.xml; path = "GoogleService-Info.plist"; sourceTree = "<group>"; };
		BBE6555426050A3600A0082F /* ChatMessageView.swift */ = {isa = PBXFileReference; lastKnownFileType = sourcecode.swift; path = ChatMessageView.swift; sourceTree = "<group>"; };
		BBE655572605119F00A0082F /* ChatViewModel.swift */ = {isa = PBXFileReference; lastKnownFileType = sourcecode.swift; path = ChatViewModel.swift; sourceTree = "<group>"; };
		BBE6555A2605207B00A0082F /* KeyboardHelper.swift */ = {isa = PBXFileReference; lastKnownFileType = sourcecode.swift; path = KeyboardHelper.swift; sourceTree = "<group>"; };
		BBF0A93E246DFD6D00C682F8 /* HunchView.swift */ = {isa = PBXFileReference; lastKnownFileType = sourcecode.swift; path = HunchView.swift; sourceTree = "<group>"; };
		BBF0A940246E161A00C682F8 /* PlayerHunchView.swift */ = {isa = PBXFileReference; lastKnownFileType = sourcecode.swift; path = PlayerHunchView.swift; sourceTree = "<group>"; };
		BBF0A942246E1AAB00C682F8 /* LoginView.swift */ = {isa = PBXFileReference; lastKnownFileType = sourcecode.swift; path = LoginView.swift; sourceTree = "<group>"; };
		BBF0A946246E217300C682F8 /* LoginViewModel.swift */ = {isa = PBXFileReference; lastKnownFileType = sourcecode.swift; path = LoginViewModel.swift; sourceTree = "<group>"; };
		DB5293B3611B3D510DDC6279 /* Pods-Fodinha.release.xcconfig */ = {isa = PBXFileReference; includeInIndex = 1; lastKnownFileType = text.xcconfig; name = "Pods-Fodinha.release.xcconfig"; path = "Target Support Files/Pods-Fodinha/Pods-Fodinha.release.xcconfig"; sourceTree = "<group>"; };
/* End PBXFileReference section */

/* Begin PBXFrameworksBuildPhase section */
		BB1939D62449FF9300BA8210 /* Frameworks */ = {
			isa = PBXFrameworksBuildPhase;
			buildActionMask = 2147483647;
			files = (
				E4301F6ED0EA82F170D16139 /* Pods_Truquero.framework in Frameworks */,
			);
			runOnlyForDeploymentPostprocessing = 0;
		};
/* End PBXFrameworksBuildPhase section */

/* Begin PBXGroup section */
		6C6EC5C8672BEBE4D00CB32B /* Frameworks */ = {
			isa = PBXGroup;
			children = (
				AB7DB17A899930F32CE2D735 /* Pods_Truquero.framework */,
			);
			name = Frameworks;
			sourceTree = "<group>";
		};
		BB1939D02449FF9300BA8210 = {
			isa = PBXGroup;
			children = (
				BB6A2BC426027F3800EDA439 /* Truquero.entitlements */,
				BB1939DB2449FF9300BA8210 /* Fodinha */,
				BB1939DA2449FF9300BA8210 /* Products */,
				ED26C96BDE3C645614067522 /* Pods */,
				6C6EC5C8672BEBE4D00CB32B /* Frameworks */,
			);
			sourceTree = "<group>";
		};
		BB1939DA2449FF9300BA8210 /* Products */ = {
			isa = PBXGroup;
			children = (
				BB1939D92449FF9300BA8210 /* Truquero.app */,
			);
			name = Products;
			sourceTree = "<group>";
		};
		BB1939DB2449FF9300BA8210 /* Fodinha */ = {
			isa = PBXGroup;
			children = (
				BB6A2BD12602DE0000EDA439 /* creategame */,
				BB58F39925FFDD1700BFD314 /* fonts */,
				BBD79F33247ECD6A00B43E29 /* models */,
				BBF0A945246E215800C682F8 /* login */,
				BB822938246387E80076FD20 /* tableGame */,
				BB94E0CF24534612008DE1F4 /* helpers */,
				BB1939F5244E203D00BA8210 /* availableGames */,
				BB1939DC2449FF9300BA8210 /* AppDelegate.swift */,
				BB1939DE2449FF9300BA8210 /* SceneDelegate.swift */,
				BB1939E52449FF9500BA8210 /* Assets.xcassets */,
				BB1939EA2449FF9500BA8210 /* LaunchScreen.storyboard */,
				BBDBE74F247593450076458A /* GoogleService-Info.plist */,
				BB1939ED2449FF9500BA8210 /* Info.plist */,
				BB1939E02449FF9300BA8210 /* Fodinha.xcdatamodeld */,
				BB1939E72449FF9500BA8210 /* Preview Content */,
			);
			path = Fodinha;
			sourceTree = "<group>";
		};
		BB1939E72449FF9500BA8210 /* Preview Content */ = {
			isa = PBXGroup;
			children = (
				BB1939E82449FF9500BA8210 /* Preview Assets.xcassets */,
			);
			path = "Preview Content";
			sourceTree = "<group>";
		};
		BB1939F5244E203D00BA8210 /* availableGames */ = {
			isa = PBXGroup;
			children = (
				BB1939E32449FF9300BA8210 /* AvailableGamesView.swift */,
				BB1939F3244E202D00BA8210 /* AvailableGamesViewModel.swift */,
			);
			path = availableGames;
			sourceTree = "<group>";
		};
		BB22796325EFFD6100FFB90B /* socket */ = {
			isa = PBXGroup;
			children = (
				BB22796025EFF7C300FFB90B /* GameListSocket.swift */,
				BB8A2A6E25FEB3BA006074E2 /* SocketIOManager.swift */,
			);
			name = socket;
			sourceTree = "<group>";
		};
		BB38EDA7247DFD0A00A02DC4 /* styles */ = {
			isa = PBXGroup;
			children = (
				BB1465212472D33C00609B48 /* PrimaryButton.swift */,
				BB38EDA8247DFD2000A02DC4 /* SelectedButton.swift */,
				BB9BD58225FFCBD9001D7F7A /* ResizeButtonStyle.swift */,
				BB58F3E22600065600BFD314 /* ButtonStyles.swift */,
				BBCBC7952600E497000324B6 /* InputStyles.swift */,
			);
			path = styles;
			sourceTree = "<group>";
		};
		BB6A2BD12602DE0000EDA439 /* creategame */ = {
			isa = PBXGroup;
			children = (
				BB6A2BD22602DE2300EDA439 /* CreateGameView.swift */,
			);
			path = creategame;
			sourceTree = "<group>";
		};
		BB822938246387E80076FD20 /* tableGame */ = {
			isa = PBXGroup;
			children = (
				BB822939246388090076FD20 /* TableGameView.swift */,
				BBA24F592464E2E800AF3001 /* PlayerItem.swift */,
				BBA24F5B2465A74400AF3001 /* CardItem.swift */,
				BBA160912465CA4700395E18 /* TableGameViewModel.swift */,
				BBF0A93E246DFD6D00C682F8 /* HunchView.swift */,
				BBF0A940246E161A00C682F8 /* PlayerHunchView.swift */,
				BBD79F38247F36E100B43E29 /* HunchCheckButton.swift */,
				BB71C2792604E98600E72BA4 /* TableMenuItem.swift */,
				BBE6555426050A3600A0082F /* ChatMessageView.swift */,
				BBE655572605119F00A0082F /* ChatViewModel.swift */,
				BBCE4025260805AC0056C4D3 /* StandingsView.swift */,
				BBCE4028260831A00056C4D3 /* SelfPlayerView.swift */,
				BB9E4A072608FF9E00D49A8A /* TableView.swift */,
				BB9E4A0D2609180800D49A8A /* HandCards.swift */,
				BB695907260ABFE50005996F /* PlayerView.swift */,
			);
			path = tableGame;
			sourceTree = "<group>";
		};
		BB921F8D2600F7EC008FE3B6 /* views */ = {
			isa = PBXGroup;
			children = (
				BB7CE4892601338A00C7F42E /* PopupView.swift */,
				BB7CE48C2601360D00C7F42E /* ResponsePopupView.swift */,
				BBCE40222607A9D90056C4D3 /* ChatTextField.swift */,
			);
			path = views;
			sourceTree = "<group>";
		};
		BB94E0CF24534612008DE1F4 /* helpers */ = {
			isa = PBXGroup;
			children = (
				BBAAF3F626113F14008AE739 /* modal */,
				BB921F8D2600F7EC008FE3B6 /* views */,
				BB22796325EFFD6100FFB90B /* socket */,
				BB38EDA7247DFD0A00A02DC4 /* styles */,
				BB94E0D024534624008DE1F4 /* Extensions.swift */,
				BB5AFF3A247090D40024824F /* ActivityIndicator.swift */,
				BB146523247348A800609B48 /* NavigationLazyView.swift */,
				BB964DB1247DEBCB00677574 /* TableDesignHelper.swift */,
				BB22793625EF21D300FFB90B /* NetworkHelper.swift */,
				BB58F3DF260000E800BFD314 /* ListSeparatorHelper.swift */,
				BB6A2BC126027DF800EDA439 /* AppleAuthHelper.swift */,
				BBE6555A2605207B00A0082F /* KeyboardHelper.swift */,
				BBCE402B260841A00056C4D3 /* RoundedCorners.swift */,
				BB9E4A0A2609079B00D49A8A /* HomeIndicatorHelper.swift */,
				BBAAF3F32611243D008AE739 /* ModalView.swift */,
			);
			path = helpers;
			sourceTree = "<group>";
		};
		BBAAF3F626113F14008AE739 /* modal */ = {
			isa = PBXGroup;
			children = (
				BBAAF3F726113F23008AE739 /* ConfirmModal.swift */,
				BB6644212611741D0024C94B /* WinnerModal.swift */,
			);
			name = modal;
			sourceTree = "<group>";
		};
		BBD79F33247ECD6A00B43E29 /* models */ = {
			isa = PBXGroup;
			children = (
				BB1939F7244E209C00BA8210 /* Game.swift */,
				BB94E0D22454B92B008DE1F4 /* Player.swift */,
				BBA160932465D15900395E18 /* Card.swift */,
				BBD79F34247ECE1400B43E29 /* Choice.swift */,
				BB71C2812605058C00E72BA4 /* Message.swift */,
			);
			path = models;
			sourceTree = "<group>";
		};
		BBF0A945246E215800C682F8 /* login */ = {
			isa = PBXGroup;
			children = (
				BBF0A942246E1AAB00C682F8 /* LoginView.swift */,
				BBF0A946246E217300C682F8 /* LoginViewModel.swift */,
				BB6A2BC626027FCB00EDA439 /* AuthDelegates.swift */,
				BB6A2BC926028C4E00EDA439 /* AppleLoginButton.swift */,
			);
			path = login;
			sourceTree = "<group>";
		};
		ED26C96BDE3C645614067522 /* Pods */ = {
			isa = PBXGroup;
			children = (
				ACC16F05FDB47BFCB6661438 /* Pods-Fodinha.debug.xcconfig */,
				DB5293B3611B3D510DDC6279 /* Pods-Fodinha.release.xcconfig */,
				9BF75DCC293B326FD014CBFB /* Pods-Truquero.debug.xcconfig */,
				8D6D3A5D17C667562AC21DFB /* Pods-Truquero.release.xcconfig */,
			);
			path = Pods;
			sourceTree = "<group>";
		};
/* End PBXGroup section */

/* Begin PBXNativeTarget section */
		BB1939D82449FF9300BA8210 /* Truquero */ = {
			isa = PBXNativeTarget;
			buildConfigurationList = BB1939F02449FF9500BA8210 /* Build configuration list for PBXNativeTarget "Truquero" */;
			buildPhases = (
				AA0D18FEEFB75A6CDEC8504A /* [CP] Check Pods Manifest.lock */,
				BB1939D52449FF9300BA8210 /* Sources */,
				BB1939D62449FF9300BA8210 /* Frameworks */,
				BB1939D72449FF9300BA8210 /* Resources */,
				F186FA8BBD5ECBB817B05F0E /* [CP] Embed Pods Frameworks */,
				E4EEADECCEBA1E58C07A9B53 /* [CP] Copy Pods Resources */,
			);
			buildRules = (
			);
			dependencies = (
			);
			name = Truquero;
			packageProductDependencies = (
			);
			productName = Fodinha;
			productReference = BB1939D92449FF9300BA8210 /* Truquero.app */;
			productType = "com.apple.product-type.application";
		};
/* End PBXNativeTarget section */

/* Begin PBXProject section */
		BB1939D12449FF9300BA8210 /* Project object */ = {
			isa = PBXProject;
			attributes = {
				LastSwiftUpdateCheck = 1140;
				LastUpgradeCheck = 1140;
				ORGANIZATIONNAME = "Vinicius Lima";
				TargetAttributes = {
					BB1939D82449FF9300BA8210 = {
						CreatedOnToolsVersion = 11.4.1;
					};
				};
			};
			buildConfigurationList = BB1939D42449FF9300BA8210 /* Build configuration list for PBXProject "Truquero" */;
			compatibilityVersion = "Xcode 9.3";
			developmentRegion = en;
			hasScannedForEncodings = 0;
			knownRegions = (
				en,
				Base,
				"pt-BR",
			);
			mainGroup = BB1939D02449FF9300BA8210;
			packageReferences = (
			);
			productRefGroup = BB1939DA2449FF9300BA8210 /* Products */;
			projectDirPath = "";
			projectRoot = "";
			targets = (
				BB1939D82449FF9300BA8210 /* Truquero */,
			);
		};
/* End PBXProject section */

/* Begin PBXResourcesBuildPhase section */
		BB1939D72449FF9300BA8210 /* Resources */ = {
			isa = PBXResourcesBuildPhase;
			buildActionMask = 2147483647;
			files = (
				BB1939EC2449FF9500BA8210 /* LaunchScreen.storyboard in Resources */,
				BBDBE755247595990076458A /* GoogleService-Info.plist in Resources */,
				BB58F39A25FFDD1700BFD314 /* fonts in Resources */,
				BB1939E92449FF9500BA8210 /* Preview Assets.xcassets in Resources */,
				BB1939E62449FF9500BA8210 /* Assets.xcassets in Resources */,
			);
			runOnlyForDeploymentPostprocessing = 0;
		};
/* End PBXResourcesBuildPhase section */

/* Begin PBXShellScriptBuildPhase section */
		AA0D18FEEFB75A6CDEC8504A /* [CP] Check Pods Manifest.lock */ = {
			isa = PBXShellScriptBuildPhase;
			buildActionMask = 2147483647;
			files = (
			);
			inputFileListPaths = (
			);
			inputPaths = (
				"${PODS_PODFILE_DIR_PATH}/Podfile.lock",
				"${PODS_ROOT}/Manifest.lock",
			);
			name = "[CP] Check Pods Manifest.lock";
			outputFileListPaths = (
			);
			outputPaths = (
				"$(DERIVED_FILE_DIR)/Pods-Truquero-checkManifestLockResult.txt",
			);
			runOnlyForDeploymentPostprocessing = 0;
			shellPath = /bin/sh;
			shellScript = "diff \"${PODS_PODFILE_DIR_PATH}/Podfile.lock\" \"${PODS_ROOT}/Manifest.lock\" > /dev/null\nif [ $? != 0 ] ; then\n    # print error to STDERR\n    echo \"error: The sandbox is not in sync with the Podfile.lock. Run 'pod install' or update your CocoaPods installation.\" >&2\n    exit 1\nfi\n# This output is used by Xcode 'outputs' to avoid re-running this script phase.\necho \"SUCCESS\" > \"${SCRIPT_OUTPUT_FILE_0}\"\n";
			showEnvVarsInLog = 0;
		};
		E4EEADECCEBA1E58C07A9B53 /* [CP] Copy Pods Resources */ = {
			isa = PBXShellScriptBuildPhase;
			buildActionMask = 2147483647;
			files = (
			);
			inputFileListPaths = (
				"${PODS_ROOT}/Target Support Files/Pods-Truquero/Pods-Truquero-resources-${CONFIGURATION}-input-files.xcfilelist",
			);
			name = "[CP] Copy Pods Resources";
			outputFileListPaths = (
				"${PODS_ROOT}/Target Support Files/Pods-Truquero/Pods-Truquero-resources-${CONFIGURATION}-output-files.xcfilelist",
			);
			runOnlyForDeploymentPostprocessing = 0;
			shellPath = /bin/sh;
			shellScript = "\"${PODS_ROOT}/Target Support Files/Pods-Truquero/Pods-Truquero-resources.sh\"\n";
			showEnvVarsInLog = 0;
		};
		F186FA8BBD5ECBB817B05F0E /* [CP] Embed Pods Frameworks */ = {
			isa = PBXShellScriptBuildPhase;
			buildActionMask = 2147483647;
			files = (
			);
			inputFileListPaths = (
				"${PODS_ROOT}/Target Support Files/Pods-Truquero/Pods-Truquero-frameworks-${CONFIGURATION}-input-files.xcfilelist",
			);
			name = "[CP] Embed Pods Frameworks";
			outputFileListPaths = (
				"${PODS_ROOT}/Target Support Files/Pods-Truquero/Pods-Truquero-frameworks-${CONFIGURATION}-output-files.xcfilelist",
			);
			runOnlyForDeploymentPostprocessing = 0;
			shellPath = /bin/sh;
			shellScript = "\"${PODS_ROOT}/Target Support Files/Pods-Truquero/Pods-Truquero-frameworks.sh\"\n";
			showEnvVarsInLog = 0;
		};
/* End PBXShellScriptBuildPhase section */

/* Begin PBXSourcesBuildPhase section */
		BB1939D52449FF9300BA8210 /* Sources */ = {
			isa = PBXSourcesBuildPhase;
			buildActionMask = 2147483647;
			files = (
				BBCE4026260805AC0056C4D3 /* StandingsView.swift in Sources */,
				BBE6555526050A3600A0082F /* ChatMessageView.swift in Sources */,
				BBCE402C260841A00056C4D3 /* RoundedCorners.swift in Sources */,
				BBAAF3F42611243E008AE739 /* ModalView.swift in Sources */,
				BB1939DD2449FF9300BA8210 /* AppDelegate.swift in Sources */,
				BB7CE48D2601360D00C7F42E /* ResponsePopupView.swift in Sources */,
				BB6644222611741D0024C94B /* WinnerModal.swift in Sources */,
				BB58F3E0260000E800BFD314 /* ListSeparatorHelper.swift in Sources */,
				BBD79F39247F36E200B43E29 /* HunchCheckButton.swift in Sources */,
				BBA160922465CA4700395E18 /* TableGameViewModel.swift in Sources */,
				BB9E4A082608FF9E00D49A8A /* TableView.swift in Sources */,
				BB1939F8244E209C00BA8210 /* Game.swift in Sources */,
				BB71C27A2604E98600E72BA4 /* TableMenuItem.swift in Sources */,
				BB1939E22449FF9300BA8210 /* Fodinha.xcdatamodeld in Sources */,
				BBA160942465D15900395E18 /* Card.swift in Sources */,
				BB71C2822605058C00E72BA4 /* Message.swift in Sources */,
				BB82293A246388090076FD20 /* TableGameView.swift in Sources */,
				BB9E4A0E2609180800D49A8A /* HandCards.swift in Sources */,
				BB38EDA9247DFD2000A02DC4 /* SelectedButton.swift in Sources */,
				BB1939E42449FF9300BA8210 /* AvailableGamesView.swift in Sources */,
				BBF0A93F246DFD6D00C682F8 /* HunchView.swift in Sources */,
				BBAAF3F826113F23008AE739 /* ConfirmModal.swift in Sources */,
				BB6A2BCA26028C4E00EDA439 /* AppleLoginButton.swift in Sources */,
				BBA24F5C2465A74400AF3001 /* CardItem.swift in Sources */,
				BB94E0D32454B92B008DE1F4 /* Player.swift in Sources */,
				BB58F3E32600065600BFD314 /* ButtonStyles.swift in Sources */,
				BBF0A947246E217300C682F8 /* LoginViewModel.swift in Sources */,
				BB8A2A6F25FEB3BA006074E2 /* SocketIOManager.swift in Sources */,
				BB1939DF2449FF9300BA8210 /* SceneDelegate.swift in Sources */,
				BBCBC7962600E497000324B6 /* InputStyles.swift in Sources */,
				BB9E4A0B2609079B00D49A8A /* HomeIndicatorHelper.swift in Sources */,
				BBF0A941246E161A00C682F8 /* PlayerHunchView.swift in Sources */,
				BB6A2BC226027DF800EDA439 /* AppleAuthHelper.swift in Sources */,
				BB146524247348A800609B48 /* NavigationLazyView.swift in Sources */,
				BBA24F5A2464E2E800AF3001 /* PlayerItem.swift in Sources */,
				BB22793725EF21D300FFB90B /* NetworkHelper.swift in Sources */,
				BB695908260ABFE50005996F /* PlayerView.swift in Sources */,
				BB6A2BC726027FCB00EDA439 /* AuthDelegates.swift in Sources */,
				BB6A2BD32602DE2300EDA439 /* CreateGameView.swift in Sources */,
				BBE6555B2605207B00A0082F /* KeyboardHelper.swift in Sources */,
				BBCE4029260831A00056C4D3 /* SelfPlayerView.swift in Sources */,
				BB94E0D124534624008DE1F4 /* Extensions.swift in Sources */,
				BBF0A943246E1AAC00C682F8 /* LoginView.swift in Sources */,
				BB9BD58325FFCBD9001D7F7A /* ResizeButtonStyle.swift in Sources */,
				BB7CE48A2601338A00C7F42E /* PopupView.swift in Sources */,
				BB964DB2247DEBCB00677574 /* TableDesignHelper.swift in Sources */,
				BB1465222472D33C00609B48 /* PrimaryButton.swift in Sources */,
				BB22796125EFF7C300FFB90B /* GameListSocket.swift in Sources */,
				BBD79F35247ECE1400B43E29 /* Choice.swift in Sources */,
				BBCE40232607A9D90056C4D3 /* ChatTextField.swift in Sources */,
				BB5AFF3B247090D40024824F /* ActivityIndicator.swift in Sources */,
				BBE655582605119F00A0082F /* ChatViewModel.swift in Sources */,
				BB1939F4244E202D00BA8210 /* AvailableGamesViewModel.swift in Sources */,
			);
			runOnlyForDeploymentPostprocessing = 0;
		};
/* End PBXSourcesBuildPhase section */

/* Begin PBXVariantGroup section */
		BB1939EA2449FF9500BA8210 /* LaunchScreen.storyboard */ = {
			isa = PBXVariantGroup;
			children = (
				BB1939EB2449FF9500BA8210 /* Base */,
				BB6A2BCE2602A1AC00EDA439 /* pt-BR */,
			);
			name = LaunchScreen.storyboard;
			sourceTree = "<group>";
		};
/* End PBXVariantGroup section */

/* Begin XCBuildConfiguration section */
		BB1939EE2449FF9500BA8210 /* Debug */ = {
			isa = XCBuildConfiguration;
			buildSettings = {
				ALWAYS_SEARCH_USER_PATHS = NO;
				CLANG_ANALYZER_LOCALIZABILITY_NONLOCALIZED = YES;
				CLANG_ANALYZER_NONNULL = YES;
				CLANG_ANALYZER_NUMBER_OBJECT_CONVERSION = YES_AGGRESSIVE;
				CLANG_CXX_LANGUAGE_STANDARD = "gnu++14";
				CLANG_CXX_LIBRARY = "libc++";
				CLANG_ENABLE_MODULES = YES;
				CLANG_ENABLE_OBJC_ARC = YES;
				CLANG_ENABLE_OBJC_WEAK = YES;
				CLANG_WARN_BLOCK_CAPTURE_AUTORELEASING = YES;
				CLANG_WARN_BOOL_CONVERSION = YES;
				CLANG_WARN_COMMA = YES;
				CLANG_WARN_CONSTANT_CONVERSION = YES;
				CLANG_WARN_DEPRECATED_OBJC_IMPLEMENTATIONS = YES;
				CLANG_WARN_DIRECT_OBJC_ISA_USAGE = YES_ERROR;
				CLANG_WARN_DOCUMENTATION_COMMENTS = YES;
				CLANG_WARN_EMPTY_BODY = YES;
				CLANG_WARN_ENUM_CONVERSION = YES;
				CLANG_WARN_INFINITE_RECURSION = YES;
				CLANG_WARN_INT_CONVERSION = YES;
				CLANG_WARN_NON_LITERAL_NULL_CONVERSION = YES;
				CLANG_WARN_OBJC_IMPLICIT_RETAIN_SELF = YES;
				CLANG_WARN_OBJC_LITERAL_CONVERSION = YES;
				CLANG_WARN_OBJC_ROOT_CLASS = YES_ERROR;
				CLANG_WARN_RANGE_LOOP_ANALYSIS = YES;
				CLANG_WARN_STRICT_PROTOTYPES = YES;
				CLANG_WARN_SUSPICIOUS_MOVE = YES;
				CLANG_WARN_UNGUARDED_AVAILABILITY = YES_AGGRESSIVE;
				CLANG_WARN_UNREACHABLE_CODE = YES;
				CLANG_WARN__DUPLICATE_METHOD_MATCH = YES;
				COPY_PHASE_STRIP = NO;
				DEBUG_INFORMATION_FORMAT = dwarf;
				ENABLE_STRICT_OBJC_MSGSEND = YES;
				ENABLE_TESTABILITY = YES;
				GCC_C_LANGUAGE_STANDARD = gnu11;
				GCC_DYNAMIC_NO_PIC = NO;
				GCC_NO_COMMON_BLOCKS = YES;
				GCC_OPTIMIZATION_LEVEL = 0;
				GCC_PREPROCESSOR_DEFINITIONS = (
					"DEBUG=1",
					"$(inherited)",
				);
				GCC_WARN_64_TO_32_BIT_CONVERSION = YES;
				GCC_WARN_ABOUT_RETURN_TYPE = YES_ERROR;
				GCC_WARN_UNDECLARED_SELECTOR = YES;
				GCC_WARN_UNINITIALIZED_AUTOS = YES_AGGRESSIVE;
				GCC_WARN_UNUSED_FUNCTION = YES;
				GCC_WARN_UNUSED_VARIABLE = YES;
				IPHONEOS_DEPLOYMENT_TARGET = 14.1;
				MTL_ENABLE_DEBUG_INFO = INCLUDE_SOURCE;
				MTL_FAST_MATH = YES;
				ONLY_ACTIVE_ARCH = YES;
				SDKROOT = iphoneos;
				SWIFT_ACTIVE_COMPILATION_CONDITIONS = DEBUG;
				SWIFT_OPTIMIZATION_LEVEL = "-Onone";
			};
			name = Debug;
		};
		BB1939EF2449FF9500BA8210 /* Release */ = {
			isa = XCBuildConfiguration;
			buildSettings = {
				ALWAYS_SEARCH_USER_PATHS = NO;
				CLANG_ANALYZER_LOCALIZABILITY_NONLOCALIZED = YES;
				CLANG_ANALYZER_NONNULL = YES;
				CLANG_ANALYZER_NUMBER_OBJECT_CONVERSION = YES_AGGRESSIVE;
				CLANG_CXX_LANGUAGE_STANDARD = "gnu++14";
				CLANG_CXX_LIBRARY = "libc++";
				CLANG_ENABLE_MODULES = YES;
				CLANG_ENABLE_OBJC_ARC = YES;
				CLANG_ENABLE_OBJC_WEAK = YES;
				CLANG_WARN_BLOCK_CAPTURE_AUTORELEASING = YES;
				CLANG_WARN_BOOL_CONVERSION = YES;
				CLANG_WARN_COMMA = YES;
				CLANG_WARN_CONSTANT_CONVERSION = YES;
				CLANG_WARN_DEPRECATED_OBJC_IMPLEMENTATIONS = YES;
				CLANG_WARN_DIRECT_OBJC_ISA_USAGE = YES_ERROR;
				CLANG_WARN_DOCUMENTATION_COMMENTS = YES;
				CLANG_WARN_EMPTY_BODY = YES;
				CLANG_WARN_ENUM_CONVERSION = YES;
				CLANG_WARN_INFINITE_RECURSION = YES;
				CLANG_WARN_INT_CONVERSION = YES;
				CLANG_WARN_NON_LITERAL_NULL_CONVERSION = YES;
				CLANG_WARN_OBJC_IMPLICIT_RETAIN_SELF = YES;
				CLANG_WARN_OBJC_LITERAL_CONVERSION = YES;
				CLANG_WARN_OBJC_ROOT_CLASS = YES_ERROR;
				CLANG_WARN_RANGE_LOOP_ANALYSIS = YES;
				CLANG_WARN_STRICT_PROTOTYPES = YES;
				CLANG_WARN_SUSPICIOUS_MOVE = YES;
				CLANG_WARN_UNGUARDED_AVAILABILITY = YES_AGGRESSIVE;
				CLANG_WARN_UNREACHABLE_CODE = YES;
				CLANG_WARN__DUPLICATE_METHOD_MATCH = YES;
				COPY_PHASE_STRIP = NO;
				DEBUG_INFORMATION_FORMAT = "dwarf-with-dsym";
				ENABLE_NS_ASSERTIONS = NO;
				ENABLE_STRICT_OBJC_MSGSEND = YES;
				GCC_C_LANGUAGE_STANDARD = gnu11;
				GCC_NO_COMMON_BLOCKS = YES;
				GCC_WARN_64_TO_32_BIT_CONVERSION = YES;
				GCC_WARN_ABOUT_RETURN_TYPE = YES_ERROR;
				GCC_WARN_UNDECLARED_SELECTOR = YES;
				GCC_WARN_UNINITIALIZED_AUTOS = YES_AGGRESSIVE;
				GCC_WARN_UNUSED_FUNCTION = YES;
				GCC_WARN_UNUSED_VARIABLE = YES;
				IPHONEOS_DEPLOYMENT_TARGET = 14.1;
				MTL_ENABLE_DEBUG_INFO = NO;
				MTL_FAST_MATH = YES;
				SDKROOT = iphoneos;
				SWIFT_COMPILATION_MODE = wholemodule;
				SWIFT_OPTIMIZATION_LEVEL = "-O";
				VALIDATE_PRODUCT = YES;
			};
			name = Release;
		};
		BB1939F12449FF9500BA8210 /* Debug */ = {
			isa = XCBuildConfiguration;
			baseConfigurationReference = 9BF75DCC293B326FD014CBFB /* Pods-Truquero.debug.xcconfig */;
			buildSettings = {
				ASSETCATALOG_COMPILER_APPICON_NAME = AppIcon;
				CODE_SIGN_ENTITLEMENTS = Truquero.entitlements;
				CODE_SIGN_IDENTITY = "Apple Development";
				CODE_SIGN_STYLE = Automatic;
				CURRENT_PROJECT_VERSION = 10;
				DEVELOPMENT_ASSET_PATHS = "\"Fodinha/Preview Content\"";
				DEVELOPMENT_TEAM = 662Z4JVQ73;
				ENABLE_PREVIEWS = YES;
				INFOPLIST_FILE = Fodinha/Info.plist;
				LD_RUNPATH_SEARCH_PATHS = (
					"$(inherited)",
					"@executable_path/Frameworks",
				);
				NEW_SETTING = "";
				PRODUCT_BUNDLE_IDENTIFIER = com.games.truquero;
				PRODUCT_NAME = "$(TARGET_NAME)";
				PROVISIONING_PROFILE_SPECIFIER = "";
				SWIFT_VERSION = 5.0;
				TARGETED_DEVICE_FAMILY = "1,2";
			};
			name = Debug;
		};
		BB1939F22449FF9500BA8210 /* Release */ = {
			isa = XCBuildConfiguration;
			baseConfigurationReference = 8D6D3A5D17C667562AC21DFB /* Pods-Truquero.release.xcconfig */;
			buildSettings = {
				ASSETCATALOG_COMPILER_APPICON_NAME = AppIcon;
				CODE_SIGN_ENTITLEMENTS = Truquero.entitlements;
				CODE_SIGN_IDENTITY = "Apple Development";
				CODE_SIGN_STYLE = Automatic;
				CURRENT_PROJECT_VERSION = 10;
				DEVELOPMENT_ASSET_PATHS = "\"Fodinha/Preview Content\"";
				DEVELOPMENT_TEAM = 662Z4JVQ73;
				ENABLE_PREVIEWS = YES;
				INFOPLIST_FILE = Fodinha/Info.plist;
				LD_RUNPATH_SEARCH_PATHS = (
					"$(inherited)",
					"@executable_path/Frameworks",
				);
				NEW_SETTING = "";
				PRODUCT_BUNDLE_IDENTIFIER = com.games.truquero;
				PRODUCT_NAME = "$(TARGET_NAME)";
				PROVISIONING_PROFILE_SPECIFIER = "";
				SWIFT_VERSION = 5.0;
				TARGETED_DEVICE_FAMILY = "1,2";
			};
			name = Release;
		};
/* End XCBuildConfiguration section */

/* Begin XCConfigurationList section */
		BB1939D42449FF9300BA8210 /* Build configuration list for PBXProject "Truquero" */ = {
			isa = XCConfigurationList;
			buildConfigurations = (
				BB1939EE2449FF9500BA8210 /* Debug */,
				BB1939EF2449FF9500BA8210 /* Release */,
			);
			defaultConfigurationIsVisible = 0;
			defaultConfigurationName = Release;
		};
		BB1939F02449FF9500BA8210 /* Build configuration list for PBXNativeTarget "Truquero" */ = {
			isa = XCConfigurationList;
			buildConfigurations = (
				BB1939F12449FF9500BA8210 /* Debug */,
				BB1939F22449FF9500BA8210 /* Release */,
			);
			defaultConfigurationIsVisible = 0;
			defaultConfigurationName = Release;
		};
/* End XCConfigurationList section */

/* Begin XCVersionGroup section */
		BB1939E02449FF9300BA8210 /* Fodinha.xcdatamodeld */ = {
			isa = XCVersionGroup;
			children = (
				BB1939E12449FF9300BA8210 /* Fodinha.xcdatamodel */,
			);
			currentVersion = BB1939E12449FF9300BA8210 /* Fodinha.xcdatamodel */;
			path = Fodinha.xcdatamodeld;
			sourceTree = "<group>";
			versionGroupType = wrapper.xcdatamodel;
		};
/* End XCVersionGroup section */
	};
	rootObject = BB1939D12449FF9300BA8210 /* Project object */;
}
